
Microsoft Visual Studio Solution File, Format Version 12.00
# Visual Studio Version 17
VisualStudioVersion = 17.4.33213.308
MinimumVisualStudioVersion = 10.0.40219.1
Project("{FAE04EC0-301F-11D3-BF4B-00C04F79EFBC}") = "WebApplicationQuiz4", "WebApplicationQuiz4\WebApplicationQuiz4.csproj", "{05D3FFC1-127A-4F36-8145-0B4F714617EF}"
EndProject
Global
	GlobalSection(SolutionConfigurationPlatforms) = preSolution
		Debug|Any CPU = Debug|Any CPU
		Release|Any CPU = Release|Any CPU
	EndGlobalSection
	GlobalSection(ProjectConfigurationPlatforms) = postSolution
		{05D3FFC1-127A-4F36-8145-0B4F714617EF}.Debug|Any CPU.ActiveCfg = Debug|Any CPU
		{05D3FFC1-127A-4F36-8145-0B4F714617EF}.Debug|Any CPU.Build.0 = Debug|Any CPU
		{05D3FFC1-127A-4F36-8145-0B4F714617EF}.Release|Any CPU.ActiveCfg = Release|Any CPU
		{05D3FFC1-127A-4F36-8145-0B4F714617EF}.Release|Any CPU.Build.0 = Release|Any CPU
	EndGlobalSection
	GlobalSection(SolutionProperties) = preSolution
		HideSolutionNode = FALSE
	EndGlobalSection
	GlobalSection(ExtensibilityGlobals) = postSolution
		SolutionGuid = {DD488E6F-90C5-4B73-A965-22ACE077FB09}
	EndGlobalSection
EndGlobal
